
Microsoft Visual Studio Solution File, Format Version 12.00
# Visual Studio Version 16
VisualStudioVersion = 25.0.1705.6
MinimumVisualStudioVersion = 10.0.40219.1
Project("{FAE04EC0-301F-11D3-BF4B-00C04F79EFBC}") = "CarRentalz.Application.WebApi", "CarRentalz.Application.WebApi\CarRentalz.Application.WebApi.csproj", "{6E37B48D-0B13-4807-BB1A-C8DB3FF97EEA}"
EndProject
Project("{FAE04EC0-301F-11D3-BF4B-00C04F79EFBC}") = "CarRentalz.Datas.DbContext", "CarRentalz.Datas.DbContext\CarRentalz.Datas.DbContext.csproj", "{D5720481-016D-4064-B077-0F255CA4B133}"
EndProject
Project("{FAE04EC0-301F-11D3-BF4B-00C04F79EFBC}") = "CarRentalz.Datas.Entities", "CarRentalz.Datas.Entities\CarRentalz.Datas.Entities.csproj", "{F44D1AED-EE69-4DF0-A82C-8B14416000B0}"
EndProject
Project("{FAE04EC0-301F-11D3-BF4B-00C04F79EFBC}") = "CarRentalz.Application.IoC", "CarRentalz.Application.IoC\CarRentalz.Application.IoC.csproj", "{DBED0DCD-7EAD-4F09-8543-E9667E6DA00D}"
EndProject
Project("{2150E333-8FDC-42A3-9474-1A3956D46DE8}") = "Datas", "Datas", "{53BABC02-1D29-48E4-8E6B-FBA4488C64FD}"
EndProject
Project("{FAE04EC0-301F-11D3-BF4B-00C04F79EFBC}") = "CarRentalz.Datas.Repository", "CarRentalz.Datas.Repository\CarRentalz.Datas.Repository.csproj", "{F438D061-9126-49BE-986B-AD51B3529F1A}"
EndProject
Project("{FAE04EC0-301F-11D3-BF4B-00C04F79EFBC}") = "CarRentalz.Datas.Repository.Contract", "CarRentalz.Datas.Repository.Contract\CarRentalz.Datas.Repository.Contract.csproj", "{17830A9F-119A-4C68-A591-4493EF6455C0}"
EndProject
Project("{FAE04EC0-301F-11D3-BF4B-00C04F79EFBC}") = "CarRentalz.Business.Service", "CarRentalz.Business.Service\CarRentalz.Business.Service.csproj", "{520E2981-6461-4CC6-801E-076D7915544F}"
EndProject
Project("{FAE04EC0-301F-11D3-BF4B-00C04F79EFBC}") = "CarRentalz.Business.Dto", "CarRentalz.Business.Dto\CarRentalz.Business.Dto.csproj", "{D843FAFE-E727-4EAC-8AFC-836C7B993923}"
EndProject
Project("{2150E333-8FDC-42A3-9474-1A3956D46DE8}") = "Business", "Business", "{FC7B3DD6-8E99-44B5-9AED-F7D65B5210D7}"
EndProject
Project("{FAE04EC0-301F-11D3-BF4B-00C04F79EFBC}") = "CarRentalz.Business.Service.Contract", "CarRentalz.Business.Service.Contract\CarRentalz.Business.Service.Contract.csproj", "{1FC4DA99-AEB9-4082-9C1F-542D34A3FCA0}"
EndProject
Project("{FAE04EC0-301F-11D3-BF4B-00C04F79EFBC}") = "CarRentalzTesting", "CarRentalzTesting\CarRentalzTesting.csproj", "{DADD01A0-A4B8-495E-A46D-7502E34776CE}"
EndProject
Project("{2150E333-8FDC-42A3-9474-1A3956D46DE8}") = "Tests", "Tests", "{92BC9257-CD06-4E60-9627-1813F1401405}"
EndProject
Global
	GlobalSection(SolutionConfigurationPlatforms) = preSolution
		Debug|Any CPU = Debug|Any CPU
		Release|Any CPU = Release|Any CPU
	EndGlobalSection
	GlobalSection(ProjectConfigurationPlatforms) = postSolution
		{6E37B48D-0B13-4807-BB1A-C8DB3FF97EEA}.Debug|Any CPU.ActiveCfg = Debug|Any CPU
		{6E37B48D-0B13-4807-BB1A-C8DB3FF97EEA}.Debug|Any CPU.Build.0 = Debug|Any CPU
		{6E37B48D-0B13-4807-BB1A-C8DB3FF97EEA}.Release|Any CPU.ActiveCfg = Release|Any CPU
		{6E37B48D-0B13-4807-BB1A-C8DB3FF97EEA}.Release|Any CPU.Build.0 = Release|Any CPU
		{D5720481-016D-4064-B077-0F255CA4B133}.Debug|Any CPU.ActiveCfg = Debug|Any CPU
		{D5720481-016D-4064-B077-0F255CA4B133}.Debug|Any CPU.Build.0 = Debug|Any CPU
		{D5720481-016D-4064-B077-0F255CA4B133}.Release|Any CPU.ActiveCfg = Release|Any CPU
		{D5720481-016D-4064-B077-0F255CA4B133}.Release|Any CPU.Build.0 = Release|Any CPU
		{F44D1AED-EE69-4DF0-A82C-8B14416000B0}.Debug|Any CPU.ActiveCfg = Debug|Any CPU
		{F44D1AED-EE69-4DF0-A82C-8B14416000B0}.Debug|Any CPU.Build.0 = Debug|Any CPU
		{F44D1AED-EE69-4DF0-A82C-8B14416000B0}.Release|Any CPU.ActiveCfg = Release|Any CPU
		{F44D1AED-EE69-4DF0-A82C-8B14416000B0}.Release|Any CPU.Build.0 = Release|Any CPU
		{DBED0DCD-7EAD-4F09-8543-E9667E6DA00D}.Debug|Any CPU.ActiveCfg = Debug|Any CPU
		{DBED0DCD-7EAD-4F09-8543-E9667E6DA00D}.Debug|Any CPU.Build.0 = Debug|Any CPU
		{DBED0DCD-7EAD-4F09-8543-E9667E6DA00D}.Release|Any CPU.ActiveCfg = Release|Any CPU
		{DBED0DCD-7EAD-4F09-8543-E9667E6DA00D}.Release|Any CPU.Build.0 = Release|Any CPU
		{F438D061-9126-49BE-986B-AD51B3529F1A}.Debug|Any CPU.ActiveCfg = Debug|Any CPU
		{F438D061-9126-49BE-986B-AD51B3529F1A}.Debug|Any CPU.Build.0 = Debug|Any CPU
		{F438D061-9126-49BE-986B-AD51B3529F1A}.Release|Any CPU.ActiveCfg = Release|Any CPU
		{F438D061-9126-49BE-986B-AD51B3529F1A}.Release|Any CPU.Build.0 = Release|Any CPU
		{17830A9F-119A-4C68-A591-4493EF6455C0}.Debug|Any CPU.ActiveCfg = Debug|Any CPU
		{17830A9F-119A-4C68-A591-4493EF6455C0}.Debug|Any CPU.Build.0 = Debug|Any CPU
		{17830A9F-119A-4C68-A591-4493EF6455C0}.Release|Any CPU.ActiveCfg = Release|Any CPU
		{17830A9F-119A-4C68-A591-4493EF6455C0}.Release|Any CPU.Build.0 = Release|Any CPU
		{520E2981-6461-4CC6-801E-076D7915544F}.Debug|Any CPU.ActiveCfg = Debug|Any CPU
		{520E2981-6461-4CC6-801E-076D7915544F}.Debug|Any CPU.Build.0 = Debug|Any CPU
		{520E2981-6461-4CC6-801E-076D7915544F}.Release|Any CPU.ActiveCfg = Release|Any CPU
		{520E2981-6461-4CC6-801E-076D7915544F}.Release|Any CPU.Build.0 = Release|Any CPU
		{D843FAFE-E727-4EAC-8AFC-836C7B993923}.Debug|Any CPU.ActiveCfg = Debug|Any CPU
		{D843FAFE-E727-4EAC-8AFC-836C7B993923}.Debug|Any CPU.Build.0 = Debug|Any CPU
		{D843FAFE-E727-4EAC-8AFC-836C7B993923}.Release|Any CPU.ActiveCfg = Release|Any CPU
		{D843FAFE-E727-4EAC-8AFC-836C7B993923}.Release|Any CPU.Build.0 = Release|Any CPU
		{1FC4DA99-AEB9-4082-9C1F-542D34A3FCA0}.Debug|Any CPU.ActiveCfg = Debug|Any CPU
		{1FC4DA99-AEB9-4082-9C1F-542D34A3FCA0}.Debug|Any CPU.Build.0 = Debug|Any CPU
		{1FC4DA99-AEB9-4082-9C1F-542D34A3FCA0}.Release|Any CPU.ActiveCfg = Release|Any CPU
		{1FC4DA99-AEB9-4082-9C1F-542D34A3FCA0}.Release|Any CPU.Build.0 = Release|Any CPU
		{DADD01A0-A4B8-495E-A46D-7502E34776CE}.Debug|Any CPU.ActiveCfg = Debug|Any CPU
		{DADD01A0-A4B8-495E-A46D-7502E34776CE}.Debug|Any CPU.Build.0 = Debug|Any CPU
		{DADD01A0-A4B8-495E-A46D-7502E34776CE}.Release|Any CPU.ActiveCfg = Release|Any CPU
		{DADD01A0-A4B8-495E-A46D-7502E34776CE}.Release|Any CPU.Build.0 = Release|Any CPU
	EndGlobalSection
	GlobalSection(SolutionProperties) = preSolution
		HideSolutionNode = FALSE
	EndGlobalSection
	GlobalSection(ExtensibilityGlobals) = postSolution
		SolutionGuid = {FEFF960A-0323-45BF-8885-9749826DCB7A}
	EndGlobalSection
	GlobalSection(NestedProjects) = preSolution
		{D5720481-016D-4064-B077-0F255CA4B133} = {53BABC02-1D29-48E4-8E6B-FBA4488C64FD}
		{F44D1AED-EE69-4DF0-A82C-8B14416000B0} = {53BABC02-1D29-48E4-8E6B-FBA4488C64FD}
		{F438D061-9126-49BE-986B-AD51B3529F1A} = {53BABC02-1D29-48E4-8E6B-FBA4488C64FD}
		{17830A9F-119A-4C68-A591-4493EF6455C0} = {53BABC02-1D29-48E4-8E6B-FBA4488C64FD}
		{D843FAFE-E727-4EAC-8AFC-836C7B993923} = {FC7B3DD6-8E99-44B5-9AED-F7D65B5210D7}
		{520E2981-6461-4CC6-801E-076D7915544F} = {FC7B3DD6-8E99-44B5-9AED-F7D65B5210D7}
		{1FC4DA99-AEB9-4082-9C1F-542D34A3FCA0} = {FC7B3DD6-8E99-44B5-9AED-F7D65B5210D7}
		{DADD01A0-A4B8-495E-A46D-7502E34776CE} = {92BC9257-CD06-4E60-9627-1813F1401405}
	EndGlobalSection
EndGlobal
